
Microsoft Visual Studio Solution File, Format Version 12.00
# Visual Studio Version 17
VisualStudioVersion = 17.14.36401.2 d17.14
MinimumVisualStudioVersion = 10.0.40219.1
Project("{FAE04EC0-301F-11D3-BF4B-00C04F79EFBC}") = "TESTE CERVANTES", "TESTE CERVANTES\TESTE CERVANTES.csproj", "{19C04765-BE35-4F05-A557-FA8CA8493E29}"
EndProject
Global
	GlobalSection(SolutionConfigurationPlatforms) = preSolution
		Debug|Any CPU = Debug|Any CPU
		Release|Any CPU = Release|Any CPU
	EndGlobalSection
	GlobalSection(ProjectConfigurationPlatforms) = postSolution
		{19C04765-BE35-4F05-A557-FA8CA8493E29}.Debug|Any CPU.ActiveCfg = Debug|Any CPU
		{19C04765-BE35-4F05-A557-FA8CA8493E29}.Debug|Any CPU.Build.0 = Debug|Any CPU
		{19C04765-BE35-4F05-A557-FA8CA8493E29}.Release|Any CPU.ActiveCfg = Release|Any CPU
		{19C04765-BE35-4F05-A557-FA8CA8493E29}.Release|Any CPU.Build.0 = Release|Any CPU
	EndGlobalSection
	GlobalSection(SolutionProperties) = preSolution
		HideSolutionNode = FALSE
	EndGlobalSection
	GlobalSection(ExtensibilityGlobals) = postSolution
		SolutionGuid = {027C1A7B-8328-4A0D-A0C7-D5A0675FB93D}
	EndGlobalSection
EndGlobal
